
Microsoft Visual Studio Solution File, Format Version 12.00
# Visual Studio Version 17
VisualStudioVersion = 17.5.002.0
MinimumVisualStudioVersion = 10.0.40219.1
Project("{9A19103F-16F7-4668-BE54-9A1E7A4F7556}") = "HTTPCalculator", "HTTPCalculator.csproj", "{791BD26A-1071-4449-A47B-7DAE921949AA}"
EndProject
Global
	GlobalSection(SolutionConfigurationPlatforms) = preSolution
		Debug|Any CPU = Debug|Any CPU
		Release|Any CPU = Release|Any CPU
	EndGlobalSection
	GlobalSection(ProjectConfigurationPlatforms) = postSolution
		{791BD26A-1071-4449-A47B-7DAE921949AA}.Debug|Any CPU.ActiveCfg = Debug|Any CPU
		{791BD26A-1071-4449-A47B-7DAE921949AA}.Debug|Any CPU.Build.0 = Debug|Any CPU
		{791BD26A-1071-4449-A47B-7DAE921949AA}.Release|Any CPU.ActiveCfg = Release|Any CPU
		{791BD26A-1071-4449-A47B-7DAE921949AA}.Release|Any CPU.Build.0 = Release|Any CPU
	EndGlobalSection
	GlobalSection(SolutionProperties) = preSolution
		HideSolutionNode = FALSE
	EndGlobalSection
	GlobalSection(ExtensibilityGlobals) = postSolution
		SolutionGuid = {6C6C5BEB-2A18-46BA-886B-53CD72A85B60}
	EndGlobalSection
EndGlobal
